// !$*UTF8*$!
{
	archiveVersion = 1;
	classes = {
	};
	objectVersion = 56;
	objects = {

/* Begin PBXBuildFile section */
		7B51C55A2A61008A0016B418 /* AppDelegate.swift in Sources */ = {isa = PBXBuildFile; fileRef = 7B51C5592A61008A0016B418 /* AppDelegate.swift */; };
		7B51C55C2A61008A0016B418 /* SceneDelegate.swift in Sources */ = {isa = PBXBuildFile; fileRef = 7B51C55B2A61008A0016B418 /* SceneDelegate.swift */; };
		7B51C55E2A61008A0016B418 /* ViewController.swift in Sources */ = {isa = PBXBuildFile; fileRef = 7B51C55D2A61008A0016B418 /* ViewController.swift */; };
		7B51C5632A61008C0016B418 /* Assets.xcassets in Resources */ = {isa = PBXBuildFile; fileRef = 7B51C5622A61008C0016B418 /* Assets.xcassets */; };
		7B51C5662A61008C0016B418 /* LaunchScreen.storyboard in Resources */ = {isa = PBXBuildFile; fileRef = 7B51C5642A61008C0016B418 /* LaunchScreen.storyboard */; };
		7B51C5802A6124600016B418 /* TextLiterals.swift in Sources */ = {isa = PBXBuildFile; fileRef = 7B51C57F2A6124600016B418 /* TextLiterals.swift */; };
		7B51C5832A61248D0016B418 /* ImageLiterals.swift in Sources */ = {isa = PBXBuildFile; fileRef = 7B51C5822A61248D0016B418 /* ImageLiterals.swift */; };
		7B51C5852A61249C0016B418 /* UIFont+.swift in Sources */ = {isa = PBXBuildFile; fileRef = 7B51C5842A61249C0016B418 /* UIFont+.swift */; };
		7B51C5882A61258B0016B418 /* SnapKit in Frameworks */ = {isa = PBXBuildFile; productRef = 7B51C5872A61258B0016B418 /* SnapKit */; };
		7B51C58B2A61261A0016B418 /* Moya in Frameworks */ = {isa = PBXBuildFile; productRef = 7B51C58A2A61261A0016B418 /* Moya */; };
		7B51C5AB2A63F6650016B418 /* BaseTabBarController.swift in Sources */ = {isa = PBXBuildFile; fileRef = 7B51C5AA2A63F6650016B418 /* BaseTabBarController.swift */; };
		7B51C5AD2A63F7790016B418 /* FlagPlusViewController.swift in Sources */ = {isa = PBXBuildFile; fileRef = 7B51C5AC2A63F7790016B418 /* FlagPlusViewController.swift */; };
		7B51C5B12A63F8120016B418 /* MyPageViewController.swift in Sources */ = {isa = PBXBuildFile; fileRef = 7B51C5B02A63F8120016B418 /* MyPageViewController.swift */; };
		7B51C5B32A63F8840016B418 /* UIStackView+.swift in Sources */ = {isa = PBXBuildFile; fileRef = 7B51C5B22A63F8840016B418 /* UIStackView+.swift */; };
		7B51C5B52A63F8E70016B418 /* UIView+.swift in Sources */ = {isa = PBXBuildFile; fileRef = 7B51C5B42A63F8E70016B418 /* UIView+.swift */; };
		7B51C5B72A6429B00016B418 /* UIColor+.swift in Sources */ = {isa = PBXBuildFile; fileRef = 7B51C5B62A6429B00016B418 /* UIColor+.swift */; };
		7B9998C12A7A7E9C0043C592 /* OnboardingViewController.swift in Sources */ = {isa = PBXBuildFile; fileRef = 7B9998C02A7A7E9C0043C592 /* OnboardingViewController.swift */; };
		7B9998C32A7A7FEF0043C592 /* OnboardingView.swift in Sources */ = {isa = PBXBuildFile; fileRef = 7B9998C22A7A7FEF0043C592 /* OnboardingView.swift */; };
		7B9998C52A7A93B30043C592 /* UIButton+.swift in Sources */ = {isa = PBXBuildFile; fileRef = 7B9998C42A7A93B30043C592 /* UIButton+.swift */; };
		7B9998C72A7A95930043C592 /* BaseFillButton.swift in Sources */ = {isa = PBXBuildFile; fileRef = 7B9998C62A7A95930043C592 /* BaseFillButton.swift */; };
		7B9998C92A7A95F50043C592 /* BaseEmptyButton.swift in Sources */ = {isa = PBXBuildFile; fileRef = 7B9998C82A7A95F50043C592 /* BaseEmptyButton.swift */; };
		7B9998CB2A7A995D0043C592 /* BaseUIView.swift in Sources */ = {isa = PBXBuildFile; fileRef = 7B9998CA2A7A995D0043C592 /* BaseUIView.swift */; };
		7B9998CD2A7A9B530043C592 /* BaseUIViewController.swift in Sources */ = {isa = PBXBuildFile; fileRef = 7B9998CC2A7A9B530043C592 /* BaseUIViewController.swift */; };
		7B9998CF2A7A9BEF0043C592 /* SignInViewController.swift in Sources */ = {isa = PBXBuildFile; fileRef = 7B9998CE2A7A9BEF0043C592 /* SignInViewController.swift */; };
		7B9998D12A7A9D9C0043C592 /* UITextField+.swift in Sources */ = {isa = PBXBuildFile; fileRef = 7B9998D02A7A9D9C0043C592 /* UITextField+.swift */; };
		7B9998D32A7AA0330043C592 /* SignInView.swift in Sources */ = {isa = PBXBuildFile; fileRef = 7B9998D22A7AA0330043C592 /* SignInView.swift */; };
		7B9998D52A7B856E0043C592 /* BaseUITextField.swift in Sources */ = {isa = PBXBuildFile; fileRef = 7B9998D42A7B856E0043C592 /* BaseUITextField.swift */; };
		7B9998D92A7C56140043C592 /* SignUpViewController.swift in Sources */ = {isa = PBXBuildFile; fileRef = 7B9998D82A7C56140043C592 /* SignUpViewController.swift */; };
		7B9998DB2A7C562E0043C592 /* SignUpView.swift in Sources */ = {isa = PBXBuildFile; fileRef = 7B9998DA2A7C562E0043C592 /* SignUpView.swift */; };
		7B9999002A85142B0043C592 /* MainMenuBar.swift in Sources */ = {isa = PBXBuildFile; fileRef = 7B9998FF2A85142B0043C592 /* MainMenuBar.swift */; };
		7B9999022A852BED0043C592 /* BaseCollectionViewCell.swift in Sources */ = {isa = PBXBuildFile; fileRef = 7B9999012A852BED0043C592 /* BaseCollectionViewCell.swift */; };
		7B9999042A852C6D0043C592 /* MainMenuCollectionViewCell.swift in Sources */ = {isa = PBXBuildFile; fileRef = 7B9999032A852C6D0043C592 /* MainMenuCollectionViewCell.swift */; };
		7B9999062A85306E0043C592 /* FlagViewController.swift in Sources */ = {isa = PBXBuildFile; fileRef = 7B9999052A85306E0043C592 /* FlagViewController.swift */; };
		7B99990F2A86896C0043C592 /* Flag.swift in Sources */ = {isa = PBXBuildFile; fileRef = 7B99990E2A86896C0043C592 /* Flag.swift */; };
		7B9999122A868CF90043C592 /* DataTypeProtocol.swift in Sources */ = {isa = PBXBuildFile; fileRef = 7B9999112A868CF90043C592 /* DataTypeProtocol.swift */; };
		7B9999142A868E2D0043C592 /* FlagTableViewCell.swift in Sources */ = {isa = PBXBuildFile; fileRef = 7B9999132A868E2D0043C592 /* FlagTableViewCell.swift */; };
		7B9999162A868E640043C592 /* BaseTableViewCell.swift in Sources */ = {isa = PBXBuildFile; fileRef = 7B9999152A868E640043C592 /* BaseTableViewCell.swift */; };
		7B9999182A8692780043C592 /* FlagCollectionViewCell.swift in Sources */ = {isa = PBXBuildFile; fileRef = 7B9999172A8692780043C592 /* FlagCollectionViewCell.swift */; };
		7B99991C2A8A85970043C592 /* FlagInfoViewController.swift in Sources */ = {isa = PBXBuildFile; fileRef = 7B99991B2A8A85970043C592 /* FlagInfoViewController.swift */; };
		7B99991E2A8A97680043C592 /* FlagInfoView.swift in Sources */ = {isa = PBXBuildFile; fileRef = 7B99991D2A8A97680043C592 /* FlagInfoView.swift */; };
		7B9999202A8AB6F50043C592 /* UserView.swift in Sources */ = {isa = PBXBuildFile; fileRef = 7B99991F2A8AB6F50043C592 /* UserView.swift */; };
		7B9999222A8ABB2B0043C592 /* UITextView+.swift in Sources */ = {isa = PBXBuildFile; fileRef = 7B9999212A8ABB2B0043C592 /* UITextView+.swift */; };
		E50CEE472A8768A000101E4B /* ListView.swift in Sources */ = {isa = PBXBuildFile; fileRef = E50CEE462A8768A000101E4B /* ListView.swift */; };
		E50CEE492A8768AD00101E4B /* ListViewController.swift in Sources */ = {isa = PBXBuildFile; fileRef = E50CEE482A8768AD00101E4B /* ListViewController.swift */; };
		E50CEE4B2A8776A600101E4B /* TimeListCell.swift in Sources */ = {isa = PBXBuildFile; fileRef = E50CEE4A2A8776A600101E4B /* TimeListCell.swift */; };
		E535869C2A82016B007D053D /* FlagPlusView.swift in Sources */ = {isa = PBXBuildFile; fileRef = E535869B2A82016B007D053D /* FlagPlusView.swift */; };
		E535869E2A820175007D053D /* SetNameView.swift in Sources */ = {isa = PBXBuildFile; fileRef = E535869D2A820175007D053D /* SetNameView.swift */; };
		E53586A02A82017E007D053D /* FreindsView.swift in Sources */ = {isa = PBXBuildFile; fileRef = E535869F2A82017E007D053D /* FreindsView.swift */; };
		E53586A22A82018F007D053D /* DatePickView.swift in Sources */ = {isa = PBXBuildFile; fileRef = E53586A12A82018F007D053D /* DatePickView.swift */; };
		E53586A42A82019A007D053D /* LoactionView.swift in Sources */ = {isa = PBXBuildFile; fileRef = E53586A32A82019A007D053D /* LoactionView.swift */; };
		E53586A62A8201A1007D053D /* TimeScrollView.swift in Sources */ = {isa = PBXBuildFile; fileRef = E53586A52A8201A1007D053D /* TimeScrollView.swift */; };
		E53586A92A820251007D053D /* FlagView.swift in Sources */ = {isa = PBXBuildFile; fileRef = E53586A82A820251007D053D /* FlagView.swift */; };
		E53586AC2A820284007D053D /* File.swift in Sources */ = {isa = PBXBuildFile; fileRef = E53586AB2A820284007D053D /* File.swift */; };
		E54787432A88CF550097F2D2 /* MyPageView.swift in Sources */ = {isa = PBXBuildFile; fileRef = E54787422A88CF550097F2D2 /* MyPageView.swift */; };
		E54787452A88CF610097F2D2 /* HeaderView.swift in Sources */ = {isa = PBXBuildFile; fileRef = E54787442A88CF610097F2D2 /* HeaderView.swift */; };
		E54787472A88D00D0097F2D2 /* FriendListViewController.swift in Sources */ = {isa = PBXBuildFile; fileRef = E54787462A88D00D0097F2D2 /* FriendListViewController.swift */; };
		E54787492A88D0160097F2D2 /* TermsViewController.swift in Sources */ = {isa = PBXBuildFile; fileRef = E54787482A88D0160097F2D2 /* TermsViewController.swift */; };
		E593AA992A7E1F9500FC918A /* SetNameViewController.swift in Sources */ = {isa = PBXBuildFile; fileRef = E593AA982A7E1F9500FC918A /* SetNameViewController.swift */; };
		E593AA9D2A7E299500FC918A /* FriendsViewController.swift in Sources */ = {isa = PBXBuildFile; fileRef = E593AA9C2A7E299500FC918A /* FriendsViewController.swift */; };
		E593AAA12A7E2C4D00FC918A /* DatePickViewController.swift in Sources */ = {isa = PBXBuildFile; fileRef = E593AAA02A7E2C4D00FC918A /* DatePickViewController.swift */; };
		E593AAA72A7E992D00FC918A /* LocationViewController.swift in Sources */ = {isa = PBXBuildFile; fileRef = E593AAA62A7E992D00FC918A /* LocationViewController.swift */; };
		E593AAAB2A7EA0AD00FC918A /* TimeScrollViewController.swift in Sources */ = {isa = PBXBuildFile; fileRef = E593AAAA2A7EA0AD00FC918A /* TimeScrollViewController.swift */; };
		E5DA6F862A83598500FC825F /* ProgressView.swift in Sources */ = {isa = PBXBuildFile; fileRef = E5DA6F852A83598500FC825F /* ProgressView.swift */; };
		E5DA6F882A83599200FC825F /* ProgressViewController.swift in Sources */ = {isa = PBXBuildFile; fileRef = E5DA6F872A83599200FC825F /* ProgressViewController.swift */; };
/* End PBXBuildFile section */

/* Begin PBXFileReference section */
		7B51C5562A61008A0016B418 /* Flag-iOS.app */ = {isa = PBXFileReference; explicitFileType = wrapper.application; includeInIndex = 0; path = "Flag-iOS.app"; sourceTree = BUILT_PRODUCTS_DIR; };
		7B51C5592A61008A0016B418 /* AppDelegate.swift */ = {isa = PBXFileReference; lastKnownFileType = sourcecode.swift; path = AppDelegate.swift; sourceTree = "<group>"; };
		7B51C55B2A61008A0016B418 /* SceneDelegate.swift */ = {isa = PBXFileReference; lastKnownFileType = sourcecode.swift; path = SceneDelegate.swift; sourceTree = "<group>"; };
		7B51C55D2A61008A0016B418 /* ViewController.swift */ = {isa = PBXFileReference; lastKnownFileType = sourcecode.swift; path = ViewController.swift; sourceTree = "<group>"; };
		7B51C5622A61008C0016B418 /* Assets.xcassets */ = {isa = PBXFileReference; lastKnownFileType = folder.assetcatalog; path = Assets.xcassets; sourceTree = "<group>"; };
		7B51C5652A61008C0016B418 /* Base */ = {isa = PBXFileReference; lastKnownFileType = file.storyboard; name = Base; path = Base.lproj/LaunchScreen.storyboard; sourceTree = "<group>"; };
		7B51C5672A61008C0016B418 /* Info.plist */ = {isa = PBXFileReference; lastKnownFileType = text.plist.xml; path = Info.plist; sourceTree = "<group>"; };
		7B51C57F2A6124600016B418 /* TextLiterals.swift */ = {isa = PBXFileReference; lastKnownFileType = sourcecode.swift; path = TextLiterals.swift; sourceTree = "<group>"; };
		7B51C5822A61248D0016B418 /* ImageLiterals.swift */ = {isa = PBXFileReference; lastKnownFileType = sourcecode.swift; path = ImageLiterals.swift; sourceTree = "<group>"; };
		7B51C5842A61249C0016B418 /* UIFont+.swift */ = {isa = PBXFileReference; lastKnownFileType = sourcecode.swift; path = "UIFont+.swift"; sourceTree = "<group>"; };
		7B51C5AA2A63F6650016B418 /* BaseTabBarController.swift */ = {isa = PBXFileReference; lastKnownFileType = sourcecode.swift; path = BaseTabBarController.swift; sourceTree = "<group>"; };
		7B51C5AC2A63F7790016B418 /* FlagPlusViewController.swift */ = {isa = PBXFileReference; lastKnownFileType = sourcecode.swift; path = FlagPlusViewController.swift; sourceTree = "<group>"; };
		7B51C5B02A63F8120016B418 /* MyPageViewController.swift */ = {isa = PBXFileReference; lastKnownFileType = sourcecode.swift; path = MyPageViewController.swift; sourceTree = "<group>"; };
		7B51C5B22A63F8840016B418 /* UIStackView+.swift */ = {isa = PBXFileReference; lastKnownFileType = sourcecode.swift; path = "UIStackView+.swift"; sourceTree = "<group>"; };
		7B51C5B42A63F8E70016B418 /* UIView+.swift */ = {isa = PBXFileReference; lastKnownFileType = sourcecode.swift; path = "UIView+.swift"; sourceTree = "<group>"; };
		7B51C5B62A6429B00016B418 /* UIColor+.swift */ = {isa = PBXFileReference; lastKnownFileType = sourcecode.swift; path = "UIColor+.swift"; sourceTree = "<group>"; };
		7B9998C02A7A7E9C0043C592 /* OnboardingViewController.swift */ = {isa = PBXFileReference; lastKnownFileType = sourcecode.swift; path = OnboardingViewController.swift; sourceTree = "<group>"; };
		7B9998C22A7A7FEF0043C592 /* OnboardingView.swift */ = {isa = PBXFileReference; lastKnownFileType = sourcecode.swift; path = OnboardingView.swift; sourceTree = "<group>"; };
		7B9998C42A7A93B30043C592 /* UIButton+.swift */ = {isa = PBXFileReference; lastKnownFileType = sourcecode.swift; path = "UIButton+.swift"; sourceTree = "<group>"; };
		7B9998C62A7A95930043C592 /* BaseFillButton.swift */ = {isa = PBXFileReference; lastKnownFileType = sourcecode.swift; path = BaseFillButton.swift; sourceTree = "<group>"; };
		7B9998C82A7A95F50043C592 /* BaseEmptyButton.swift */ = {isa = PBXFileReference; lastKnownFileType = sourcecode.swift; path = BaseEmptyButton.swift; sourceTree = "<group>"; };
		7B9998CA2A7A995D0043C592 /* BaseUIView.swift */ = {isa = PBXFileReference; lastKnownFileType = sourcecode.swift; path = BaseUIView.swift; sourceTree = "<group>"; };
		7B9998CC2A7A9B530043C592 /* BaseUIViewController.swift */ = {isa = PBXFileReference; lastKnownFileType = sourcecode.swift; path = BaseUIViewController.swift; sourceTree = "<group>"; };
		7B9998CE2A7A9BEF0043C592 /* SignInViewController.swift */ = {isa = PBXFileReference; lastKnownFileType = sourcecode.swift; path = SignInViewController.swift; sourceTree = "<group>"; };
		7B9998D02A7A9D9C0043C592 /* UITextField+.swift */ = {isa = PBXFileReference; lastKnownFileType = sourcecode.swift; path = "UITextField+.swift"; sourceTree = "<group>"; };
		7B9998D22A7AA0330043C592 /* SignInView.swift */ = {isa = PBXFileReference; lastKnownFileType = sourcecode.swift; path = SignInView.swift; sourceTree = "<group>"; };
		7B9998D42A7B856E0043C592 /* BaseUITextField.swift */ = {isa = PBXFileReference; lastKnownFileType = sourcecode.swift; path = BaseUITextField.swift; sourceTree = "<group>"; };
		7B9998D82A7C56140043C592 /* SignUpViewController.swift */ = {isa = PBXFileReference; lastKnownFileType = sourcecode.swift; path = SignUpViewController.swift; sourceTree = "<group>"; };
		7B9998DA2A7C562E0043C592 /* SignUpView.swift */ = {isa = PBXFileReference; lastKnownFileType = sourcecode.swift; path = SignUpView.swift; sourceTree = "<group>"; };
		7B9998FF2A85142B0043C592 /* MainMenuBar.swift */ = {isa = PBXFileReference; lastKnownFileType = sourcecode.swift; path = MainMenuBar.swift; sourceTree = "<group>"; };
		7B9999012A852BED0043C592 /* BaseCollectionViewCell.swift */ = {isa = PBXFileReference; lastKnownFileType = sourcecode.swift; path = BaseCollectionViewCell.swift; sourceTree = "<group>"; };
		7B9999032A852C6D0043C592 /* MainMenuCollectionViewCell.swift */ = {isa = PBXFileReference; lastKnownFileType = sourcecode.swift; path = MainMenuCollectionViewCell.swift; sourceTree = "<group>"; };
		7B9999052A85306E0043C592 /* FlagViewController.swift */ = {isa = PBXFileReference; lastKnownFileType = sourcecode.swift; path = FlagViewController.swift; sourceTree = "<group>"; };
		7B99990E2A86896C0043C592 /* Flag.swift */ = {isa = PBXFileReference; lastKnownFileType = sourcecode.swift; path = Flag.swift; sourceTree = "<group>"; };
		7B9999112A868CF90043C592 /* DataTypeProtocol.swift */ = {isa = PBXFileReference; lastKnownFileType = sourcecode.swift; path = DataTypeProtocol.swift; sourceTree = "<group>"; };
		7B9999132A868E2D0043C592 /* FlagTableViewCell.swift */ = {isa = PBXFileReference; lastKnownFileType = sourcecode.swift; path = FlagTableViewCell.swift; sourceTree = "<group>"; };
		7B9999152A868E640043C592 /* BaseTableViewCell.swift */ = {isa = PBXFileReference; lastKnownFileType = sourcecode.swift; path = BaseTableViewCell.swift; sourceTree = "<group>"; };
		7B9999172A8692780043C592 /* FlagCollectionViewCell.swift */ = {isa = PBXFileReference; lastKnownFileType = sourcecode.swift; path = FlagCollectionViewCell.swift; sourceTree = "<group>"; };
		7B99991B2A8A85970043C592 /* FlagInfoViewController.swift */ = {isa = PBXFileReference; lastKnownFileType = sourcecode.swift; path = FlagInfoViewController.swift; sourceTree = "<group>"; };
		7B99991D2A8A97680043C592 /* FlagInfoView.swift */ = {isa = PBXFileReference; lastKnownFileType = sourcecode.swift; path = FlagInfoView.swift; sourceTree = "<group>"; };
		7B99991F2A8AB6F50043C592 /* UserView.swift */ = {isa = PBXFileReference; lastKnownFileType = sourcecode.swift; path = UserView.swift; sourceTree = "<group>"; };
		7B9999212A8ABB2B0043C592 /* UITextView+.swift */ = {isa = PBXFileReference; lastKnownFileType = sourcecode.swift; path = "UITextView+.swift"; sourceTree = "<group>"; };
		E50CEE462A8768A000101E4B /* ListView.swift */ = {isa = PBXFileReference; lastKnownFileType = sourcecode.swift; path = ListView.swift; sourceTree = "<group>"; };
		E50CEE482A8768AD00101E4B /* ListViewController.swift */ = {isa = PBXFileReference; lastKnownFileType = sourcecode.swift; path = ListViewController.swift; sourceTree = "<group>"; };
		E50CEE4A2A8776A600101E4B /* TimeListCell.swift */ = {isa = PBXFileReference; lastKnownFileType = sourcecode.swift; path = TimeListCell.swift; sourceTree = "<group>"; };
		E535869B2A82016B007D053D /* FlagPlusView.swift */ = {isa = PBXFileReference; lastKnownFileType = sourcecode.swift; path = FlagPlusView.swift; sourceTree = "<group>"; };
		E535869D2A820175007D053D /* SetNameView.swift */ = {isa = PBXFileReference; lastKnownFileType = sourcecode.swift; path = SetNameView.swift; sourceTree = "<group>"; };
		E535869F2A82017E007D053D /* FreindsView.swift */ = {isa = PBXFileReference; lastKnownFileType = sourcecode.swift; path = FreindsView.swift; sourceTree = "<group>"; };
		E53586A12A82018F007D053D /* DatePickView.swift */ = {isa = PBXFileReference; lastKnownFileType = sourcecode.swift; path = DatePickView.swift; sourceTree = "<group>"; };
		E53586A32A82019A007D053D /* LoactionView.swift */ = {isa = PBXFileReference; lastKnownFileType = sourcecode.swift; path = LoactionView.swift; sourceTree = "<group>"; };
		E53586A52A8201A1007D053D /* TimeScrollView.swift */ = {isa = PBXFileReference; lastKnownFileType = sourcecode.swift; path = TimeScrollView.swift; sourceTree = "<group>"; };
		E53586A82A820251007D053D /* FlagView.swift */ = {isa = PBXFileReference; lastKnownFileType = sourcecode.swift; path = FlagView.swift; sourceTree = "<group>"; };
		E53586AB2A820284007D053D /* File.swift */ = {isa = PBXFileReference; lastKnownFileType = sourcecode.swift; path = File.swift; sourceTree = "<group>"; };
		E54787422A88CF550097F2D2 /* MyPageView.swift */ = {isa = PBXFileReference; lastKnownFileType = sourcecode.swift; path = MyPageView.swift; sourceTree = "<group>"; };
		E54787442A88CF610097F2D2 /* HeaderView.swift */ = {isa = PBXFileReference; lastKnownFileType = sourcecode.swift; path = HeaderView.swift; sourceTree = "<group>"; };
		E54787462A88D00D0097F2D2 /* FriendListViewController.swift */ = {isa = PBXFileReference; lastKnownFileType = sourcecode.swift; path = FriendListViewController.swift; sourceTree = "<group>"; };
		E54787482A88D0160097F2D2 /* TermsViewController.swift */ = {isa = PBXFileReference; lastKnownFileType = sourcecode.swift; path = TermsViewController.swift; sourceTree = "<group>"; };
		E593AA982A7E1F9500FC918A /* SetNameViewController.swift */ = {isa = PBXFileReference; lastKnownFileType = sourcecode.swift; path = SetNameViewController.swift; sourceTree = "<group>"; };
		E593AA9C2A7E299500FC918A /* FriendsViewController.swift */ = {isa = PBXFileReference; lastKnownFileType = sourcecode.swift; path = FriendsViewController.swift; sourceTree = "<group>"; };
		E593AAA02A7E2C4D00FC918A /* DatePickViewController.swift */ = {isa = PBXFileReference; lastKnownFileType = sourcecode.swift; path = DatePickViewController.swift; sourceTree = "<group>"; };
		E593AAA62A7E992D00FC918A /* LocationViewController.swift */ = {isa = PBXFileReference; lastKnownFileType = sourcecode.swift; path = LocationViewController.swift; sourceTree = "<group>"; };
		E593AAAA2A7EA0AD00FC918A /* TimeScrollViewController.swift */ = {isa = PBXFileReference; lastKnownFileType = sourcecode.swift; path = TimeScrollViewController.swift; sourceTree = "<group>"; };
		E5DA6F852A83598500FC825F /* ProgressView.swift */ = {isa = PBXFileReference; lastKnownFileType = sourcecode.swift; path = ProgressView.swift; sourceTree = "<group>"; };
		E5DA6F872A83599200FC825F /* ProgressViewController.swift */ = {isa = PBXFileReference; lastKnownFileType = sourcecode.swift; path = ProgressViewController.swift; sourceTree = "<group>"; };
/* End PBXFileReference section */

/* Begin PBXFrameworksBuildPhase section */
		7B51C5532A61008A0016B418 /* Frameworks */ = {
			isa = PBXFrameworksBuildPhase;
			buildActionMask = 2147483647;
			files = (
				7B51C58B2A61261A0016B418 /* Moya in Frameworks */,
				7B51C5882A61258B0016B418 /* SnapKit in Frameworks */,
			);
			runOnlyForDeploymentPostprocessing = 0;
		};
/* End PBXFrameworksBuildPhase section */

/* Begin PBXGroup section */
		7B51C54D2A61008A0016B418 = {
			isa = PBXGroup;
			children = (
				7B51C5582A61008A0016B418 /* Flag-iOS */,
				7B51C5572A61008A0016B418 /* Products */,
			);
			sourceTree = "<group>";
		};
		7B51C5572A61008A0016B418 /* Products */ = {
			isa = PBXGroup;
			children = (
				7B51C5562A61008A0016B418 /* Flag-iOS.app */,
			);
			name = Products;
			sourceTree = "<group>";
		};
		7B51C5582A61008A0016B418 /* Flag-iOS */ = {
			isa = PBXGroup;
			children = (
				7B51C5732A6103220016B418 /* Application */,
				7B51C56F2A6102B10016B418 /* Scenes */,
				7B51C56E2A6102A80016B418 /* Global */,
				7B51C55D2A61008A0016B418 /* ViewController.swift */,
				7B51C5672A61008C0016B418 /* Info.plist */,
			);
			path = "Flag-iOS";
			sourceTree = "<group>";
		};
		7B51C56E2A6102A80016B418 /* Global */ = {
			isa = PBXGroup;
			children = (
				7B9999102A868BD00043C592 /* Proto */,
				E53586AA2A82027C007D053D /* Model */,
				7B51C58C2A6128BD0016B418 /* Base */,
				7B51C57D2A6123D20016B418 /* Literal */,
				7B51C57E2A6123DE0016B418 /* Resource */,
				7B51C57C2A6122F30016B418 /* Extension */,
			);
			path = Global;
			sourceTree = "<group>";
		};
		7B51C56F2A6102B10016B418 /* Scenes */ = {
			isa = PBXGroup;
			children = (
				7B9998BD2A7A7E2E0043C592 /* Onboarding */,
				7B51C5722A6103030016B418 /* FlagPlus */,
				7B51C5712A6102F30016B418 /* Flag */,
				7B51C5702A6102F00016B418 /* MyPage */,
			);
			path = Scenes;
			sourceTree = "<group>";
		};
		7B51C5702A6102F00016B418 /* MyPage */ = {
			isa = PBXGroup;
			children = (
				7B51C57A2A6122DF0016B418 /* Views */,
				7B51C5792A6122DB0016B418 /* ViewControllers */,
			);
			path = MyPage;
			sourceTree = "<group>";
		};
		7B51C5712A6102F30016B418 /* Flag */ = {
			isa = PBXGroup;
			children = (
				7B99990D2A86895A0043C592 /* Model */,
				E53586A72A820249007D053D /* Views */,
				7B51C5772A6122D20016B418 /* ViewCotrollers */,
			);
			path = Flag;
			sourceTree = "<group>";
		};
		7B51C5722A6103030016B418 /* FlagPlus */ = {
			isa = PBXGroup;
			children = (
				E535869A2A82015A007D053D /* Views */,
				7B51C5752A6122C00016B418 /* ViewControllers */,
			);
			path = FlagPlus;
			sourceTree = "<group>";
		};
		7B51C5732A6103220016B418 /* Application */ = {
			isa = PBXGroup;
			children = (
				7B51C5642A61008C0016B418 /* LaunchScreen.storyboard */,
				7B51C5592A61008A0016B418 /* AppDelegate.swift */,
				7B51C55B2A61008A0016B418 /* SceneDelegate.swift */,
			);
			path = Application;
			sourceTree = "<group>";
		};
		7B51C5752A6122C00016B418 /* ViewControllers */ = {
			isa = PBXGroup;
			children = (
				7B51C5AC2A63F7790016B418 /* FlagPlusViewController.swift */,
				E593AA982A7E1F9500FC918A /* SetNameViewController.swift */,
				E593AA9C2A7E299500FC918A /* FriendsViewController.swift */,
				E593AAA02A7E2C4D00FC918A /* DatePickViewController.swift */,
				E593AAA62A7E992D00FC918A /* LocationViewController.swift */,
				E593AAAA2A7EA0AD00FC918A /* TimeScrollViewController.swift */,
			);
			path = ViewControllers;
			sourceTree = "<group>";
		};
		7B51C5772A6122D20016B418 /* ViewCotrollers */ = {
			isa = PBXGroup;
			children = (
				7B9998FE2A8513E60043C592 /* FlagMain */,
				E5DA6F872A83599200FC825F /* ProgressViewController.swift */,
				E50CEE482A8768AD00101E4B /* ListViewController.swift */,
			);
			path = ViewCotrollers;
			sourceTree = "<group>";
		};
		7B51C5792A6122DB0016B418 /* ViewControllers */ = {
			isa = PBXGroup;
			children = (
				7B51C5B02A63F8120016B418 /* MyPageViewController.swift */,
				E54787462A88D00D0097F2D2 /* FriendListViewController.swift */,
				E54787482A88D0160097F2D2 /* TermsViewController.swift */,
			);
			path = ViewControllers;
			sourceTree = "<group>";
		};
		7B51C57A2A6122DF0016B418 /* Views */ = {
			isa = PBXGroup;
			children = (
				E54787422A88CF550097F2D2 /* MyPageView.swift */,
				E54787442A88CF610097F2D2 /* HeaderView.swift */,
			);
			path = Views;
			sourceTree = "<group>";
		};
		7B51C57C2A6122F30016B418 /* Extension */ = {
			isa = PBXGroup;
			children = (
				7B51C5842A61249C0016B418 /* UIFont+.swift */,
				7B51C5B22A63F8840016B418 /* UIStackView+.swift */,
				7B51C5B42A63F8E70016B418 /* UIView+.swift */,
				7B51C5B62A6429B00016B418 /* UIColor+.swift */,
				7B9998C42A7A93B30043C592 /* UIButton+.swift */,
				7B9998D02A7A9D9C0043C592 /* UITextField+.swift */,
				7B9999212A8ABB2B0043C592 /* UITextView+.swift */,
			);
			path = Extension;
			sourceTree = "<group>";
		};
		7B51C57D2A6123D20016B418 /* Literal */ = {
			isa = PBXGroup;
			children = (
				7B51C57F2A6124600016B418 /* TextLiterals.swift */,
				7B51C5822A61248D0016B418 /* ImageLiterals.swift */,
			);
			path = Literal;
			sourceTree = "<group>";
		};
		7B51C57E2A6123DE0016B418 /* Resource */ = {
			isa = PBXGroup;
			children = (
				7B51C5622A61008C0016B418 /* Assets.xcassets */,
			);
			path = Resource;
			sourceTree = "<group>";
		};
		7B51C58C2A6128BD0016B418 /* Base */ = {
			isa = PBXGroup;
			children = (
				7B51C5AA2A63F6650016B418 /* BaseTabBarController.swift */,
				7B9998C62A7A95930043C592 /* BaseFillButton.swift */,
				7B9998C82A7A95F50043C592 /* BaseEmptyButton.swift */,
				7B9998CA2A7A995D0043C592 /* BaseUIView.swift */,
				7B9998CC2A7A9B530043C592 /* BaseUIViewController.swift */,
				7B9998D42A7B856E0043C592 /* BaseUITextField.swift */,
				7B9999012A852BED0043C592 /* BaseCollectionViewCell.swift */,
				7B9999152A868E640043C592 /* BaseTableViewCell.swift */,
			);
			path = Base;
			sourceTree = "<group>";
		};
		7B9998BD2A7A7E2E0043C592 /* Onboarding */ = {
			isa = PBXGroup;
			children = (
				7B9998BF2A7A7E6A0043C592 /* Views */,
				7B9998BE2A7A7E630043C592 /* ViewControllers */,
			);
			path = Onboarding;
			sourceTree = "<group>";
		};
		7B9998BE2A7A7E630043C592 /* ViewControllers */ = {
			isa = PBXGroup;
			children = (
				7B9998C02A7A7E9C0043C592 /* OnboardingViewController.swift */,
				7B9998CE2A7A9BEF0043C592 /* SignInViewController.swift */,
				7B9998D82A7C56140043C592 /* SignUpViewController.swift */,
			);
			path = ViewControllers;
			sourceTree = "<group>";
		};
		7B9998BF2A7A7E6A0043C592 /* Views */ = {
			isa = PBXGroup;
			children = (
				7B9998C22A7A7FEF0043C592 /* OnboardingView.swift */,
				7B9998D22A7AA0330043C592 /* SignInView.swift */,
				7B9998DA2A7C562E0043C592 /* SignUpView.swift */,
			);
			path = Views;
			sourceTree = "<group>";
		};
		7B9998FD2A8513CD0043C592 /* FlagMain */ = {
			isa = PBXGroup;
			children = (
				E53586A82A820251007D053D /* FlagView.swift */,
				7B9998FF2A85142B0043C592 /* MainMenuBar.swift */,
				7B9999032A852C6D0043C592 /* MainMenuCollectionViewCell.swift */,
				7B9999132A868E2D0043C592 /* FlagTableViewCell.swift */,
				7B9999172A8692780043C592 /* FlagCollectionViewCell.swift */,
				7B99991D2A8A97680043C592 /* FlagInfoView.swift */,
			);
			path = FlagMain;
			sourceTree = "<group>";
		};
		7B9998FE2A8513E60043C592 /* FlagMain */ = {
			isa = PBXGroup;
			children = (
				7B99991B2A8A85970043C592 /* FlagInfoViewController.swift */,
				7B9999052A85306E0043C592 /* FlagViewController.swift */,
			);
			path = FlagMain;
			sourceTree = "<group>";
		};
		7B99990D2A86895A0043C592 /* Model */ = {
			isa = PBXGroup;
			children = (
				7B99990E2A86896C0043C592 /* Flag.swift */,
			);
			path = Model;
			sourceTree = "<group>";
		};
		7B9999102A868BD00043C592 /* Proto */ = {
			isa = PBXGroup;
			children = (
				7B9999112A868CF90043C592 /* DataTypeProtocol.swift */,
			);
			path = Proto;
			sourceTree = "<group>";
		};
		E535869A2A82015A007D053D /* Views */ = {
			isa = PBXGroup;
			children = (
				E535869B2A82016B007D053D /* FlagPlusView.swift */,
				E535869D2A820175007D053D /* SetNameView.swift */,
				E535869F2A82017E007D053D /* FreindsView.swift */,
				E53586A12A82018F007D053D /* DatePickView.swift */,
				E53586A32A82019A007D053D /* LoactionView.swift */,
				E53586A52A8201A1007D053D /* TimeScrollView.swift */,
			);
			path = Views;
			sourceTree = "<group>";
		};
		E53586A72A820249007D053D /* Views */ = {
			isa = PBXGroup;
			children = (
				7B9998FD2A8513CD0043C592 /* FlagMain */,
				E5DA6F852A83598500FC825F /* ProgressView.swift */,
				E50CEE462A8768A000101E4B /* ListView.swift */,
				E50CEE4A2A8776A600101E4B /* TimeListCell.swift */,
			);
			path = Views;
			sourceTree = "<group>";
		};
		E53586AA2A82027C007D053D /* Model */ = {
			isa = PBXGroup;
			children = (
				7B99991F2A8AB6F50043C592 /* UserView.swift */,
			);
			path = Model;
			sourceTree = "<group>";
		};
/* End PBXGroup section */

/* Begin PBXNativeTarget section */
		7B51C5552A61008A0016B418 /* Flag-iOS */ = {
			isa = PBXNativeTarget;
			buildConfigurationList = 7B51C56A2A61008C0016B418 /* Build configuration list for PBXNativeTarget "Flag-iOS" */;
			buildPhases = (
				7B51C5522A61008A0016B418 /* Sources */,
				7B51C5532A61008A0016B418 /* Frameworks */,
				7B51C5542A61008A0016B418 /* Resources */,
			);
			buildRules = (
			);
			dependencies = (
			);
			name = "Flag-iOS";
			packageProductDependencies = (
				7B51C5872A61258B0016B418 /* SnapKit */,
				7B51C58A2A61261A0016B418 /* Moya */,
			);
			productName = "Flag-iOS";
			productReference = 7B51C5562A61008A0016B418 /* Flag-iOS.app */;
			productType = "com.apple.product-type.application";
		};
/* End PBXNativeTarget section */

/* Begin PBXProject section */
		7B51C54E2A61008A0016B418 /* Project object */ = {
			isa = PBXProject;
			attributes = {
				BuildIndependentTargetsInParallel = 1;
				LastSwiftUpdateCheck = 1430;
				LastUpgradeCheck = 1430;
				TargetAttributes = {
					7B51C5552A61008A0016B418 = {
						CreatedOnToolsVersion = 14.3;
					};
				};
			};
			buildConfigurationList = 7B51C5512A61008A0016B418 /* Build configuration list for PBXProject "Flag-iOS" */;
			compatibilityVersion = "Xcode 14.0";
			developmentRegion = en;
			hasScannedForEncodings = 0;
			knownRegions = (
				en,
				Base,
			);
			mainGroup = 7B51C54D2A61008A0016B418;
			packageReferences = (
				7B51C5862A61258B0016B418 /* XCRemoteSwiftPackageReference "SnapKit" */,
				7B51C5892A61261A0016B418 /* XCRemoteSwiftPackageReference "Moya" */,
			);
			productRefGroup = 7B51C5572A61008A0016B418 /* Products */;
			projectDirPath = "";
			projectRoot = "";
			targets = (
				7B51C5552A61008A0016B418 /* Flag-iOS */,
			);
		};
/* End PBXProject section */

/* Begin PBXResourcesBuildPhase section */
		7B51C5542A61008A0016B418 /* Resources */ = {
			isa = PBXResourcesBuildPhase;
			buildActionMask = 2147483647;
			files = (
				7B51C5662A61008C0016B418 /* LaunchScreen.storyboard in Resources */,
				7B51C5632A61008C0016B418 /* Assets.xcassets in Resources */,
			);
			runOnlyForDeploymentPostprocessing = 0;
		};
/* End PBXResourcesBuildPhase section */

/* Begin PBXSourcesBuildPhase section */
		7B51C5522A61008A0016B418 /* Sources */ = {
			isa = PBXSourcesBuildPhase;
			buildActionMask = 2147483647;
			files = (
				7B51C5AB2A63F6650016B418 /* BaseTabBarController.swift in Sources */,
				E53586A42A82019A007D053D /* LoactionView.swift in Sources */,
				7B9999062A85306E0043C592 /* FlagViewController.swift in Sources */,
				7B51C55E2A61008A0016B418 /* ViewController.swift in Sources */,
				7B51C55A2A61008A0016B418 /* AppDelegate.swift in Sources */,
				7B9998D92A7C56140043C592 /* SignUpViewController.swift in Sources */,
				7B9998C52A7A93B30043C592 /* UIButton+.swift in Sources */,
				7B9998CD2A7A9B530043C592 /* BaseUIViewController.swift in Sources */,
				E50CEE472A8768A000101E4B /* ListView.swift in Sources */,
				7B9998C92A7A95F50043C592 /* BaseEmptyButton.swift in Sources */,
				7B9998DB2A7C562E0043C592 /* SignUpView.swift in Sources */,
				7B51C5852A61249C0016B418 /* UIFont+.swift in Sources */,
				7B99991C2A8A85970043C592 /* FlagInfoViewController.swift in Sources */,
				E5DA6F862A83598500FC825F /* ProgressView.swift in Sources */,
				7B51C5832A61248D0016B418 /* ImageLiterals.swift in Sources */,
				7B51C5AD2A63F7790016B418 /* FlagPlusViewController.swift in Sources */,
				7B51C5AD2A63F7790016B418 /* FlagPlusViewController.swift in Sources */,
				7B9999122A868CF90043C592 /* DataTypeProtocol.swift in Sources */,
				E54787432A88CF550097F2D2 /* MyPageView.swift in Sources */,
				7B9999002A85142B0043C592 /* MainMenuBar.swift in Sources */,
				E593AAA72A7E992D00FC918A /* LocationViewController.swift in Sources */,
				7B9999202A8AB6F50043C592 /* UserView.swift in Sources */,
				7B9998C12A7A7E9C0043C592 /* OnboardingViewController.swift in Sources */,
				7B9999142A868E2D0043C592 /* FlagTableViewCell.swift in Sources */,
				7B9998C72A7A95930043C592 /* BaseFillButton.swift in Sources */,
				7B51C5B32A63F8840016B418 /* UIStackView+.swift in Sources */,
				7B9999022A852BED0043C592 /* BaseCollectionViewCell.swift in Sources */,
				7B99990F2A86896C0043C592 /* Flag.swift in Sources */,
				E535869E2A820175007D053D /* SetNameView.swift in Sources */,
				7B9999222A8ABB2B0043C592 /* UITextView+.swift in Sources */,
				7B51C5802A6124600016B418 /* TextLiterals.swift in Sources */,
				7B9998CF2A7A9BEF0043C592 /* SignInViewController.swift in Sources */,
				E50CEE492A8768AD00101E4B /* ListViewController.swift in Sources */,
				7B9998D32A7AA0330043C592 /* SignInView.swift in Sources */,
				7B9999182A8692780043C592 /* FlagCollectionViewCell.swift in Sources */,
				7B9999162A868E640043C592 /* BaseTableViewCell.swift in Sources */,
				E535869C2A82016B007D053D /* FlagPlusView.swift in Sources */,
				7B51C5B52A63F8E70016B418 /* UIView+.swift in Sources */,
				7B9998CB2A7A995D0043C592 /* BaseUIView.swift in Sources */,
				7B9998D52A7B856E0043C592 /* BaseUITextField.swift in Sources */,
				E53586A62A8201A1007D053D /* TimeScrollView.swift in Sources */,
				7B51C5B12A63F8120016B418 /* MyPageViewController.swift in Sources */,
				E53586A22A82018F007D053D /* DatePickView.swift in Sources */,
				7B51C5B12A63F8120016B418 /* MyPageViewController.swift in Sources */,
				E5DA6F882A83599200FC825F /* ProgressViewController.swift in Sources */,
				7B9999042A852C6D0043C592 /* MainMenuCollectionViewCell.swift in Sources */,
				E593AAAB2A7EA0AD00FC918A /* TimeScrollViewController.swift in Sources */,
				E54787492A88D0160097F2D2 /* TermsViewController.swift in Sources */,
				7B9998C32A7A7FEF0043C592 /* OnboardingView.swift in Sources */,
				E593AA9D2A7E299500FC918A /* FriendsViewController.swift in Sources */,
				E53586A02A82017E007D053D /* FreindsView.swift in Sources */,
				E593AAA12A7E2C4D00FC918A /* DatePickViewController.swift in Sources */,
				E50CEE4B2A8776A600101E4B /* CustomTableViewCell.swift in Sources */,
				E50CEE4B2A8776A600101E4B /* TimeListCell.swift in Sources */,
				E53586AC2A820284007D053D /* File.swift in Sources */,
				E53586A92A820251007D053D /* FlagView.swift in Sources */,
				7B51C55C2A61008A0016B418 /* SceneDelegate.swift in Sources */,
				E593AA992A7E1F9500FC918A /* SetNameViewController.swift in Sources */,
				E54787472A88D00D0097F2D2 /* FriendListViewController.swift in Sources */,
				7B51C5B72A6429B00016B418 /* UIColor+.swift in Sources */,
				7B99991E2A8A97680043C592 /* FlagInfoView.swift in Sources */,
				7B9998D12A7A9D9C0043C592 /* UITextField+.swift in Sources */,
				E54787452A88CF610097F2D2 /* HeaderView.swift in Sources */,
			);
			runOnlyForDeploymentPostprocessing = 0;
		};
/* End PBXSourcesBuildPhase section */

/* Begin PBXVariantGroup section */
		7B51C5642A61008C0016B418 /* LaunchScreen.storyboard */ = {
			isa = PBXVariantGroup;
			children = (
				7B51C5652A61008C0016B418 /* Base */,
			);
			name = LaunchScreen.storyboard;
			sourceTree = "<group>";
		};
/* End PBXVariantGroup section */

/* Begin XCBuildConfiguration section */
		7B51C5682A61008C0016B418 /* Debug */ = {
			isa = XCBuildConfiguration;
			buildSettings = {
				ALWAYS_SEARCH_USER_PATHS = NO;
				CLANG_ANALYZER_NONNULL = YES;
				CLANG_ANALYZER_NUMBER_OBJECT_CONVERSION = YES_AGGRESSIVE;
				CLANG_CXX_LANGUAGE_STANDARD = "gnu++20";
				CLANG_ENABLE_MODULES = YES;
				CLANG_ENABLE_OBJC_ARC = YES;
				CLANG_ENABLE_OBJC_WEAK = YES;
				CLANG_WARN_BLOCK_CAPTURE_AUTORELEASING = YES;
				CLANG_WARN_BOOL_CONVERSION = YES;
				CLANG_WARN_COMMA = YES;
				CLANG_WARN_CONSTANT_CONVERSION = YES;
				CLANG_WARN_DEPRECATED_OBJC_IMPLEMENTATIONS = YES;
				CLANG_WARN_DIRECT_OBJC_ISA_USAGE = YES_ERROR;
				CLANG_WARN_DOCUMENTATION_COMMENTS = YES;
				CLANG_WARN_EMPTY_BODY = YES;
				CLANG_WARN_ENUM_CONVERSION = YES;
				CLANG_WARN_INFINITE_RECURSION = YES;
				CLANG_WARN_INT_CONVERSION = YES;
				CLANG_WARN_NON_LITERAL_NULL_CONVERSION = YES;
				CLANG_WARN_OBJC_IMPLICIT_RETAIN_SELF = YES;
				CLANG_WARN_OBJC_LITERAL_CONVERSION = YES;
				CLANG_WARN_OBJC_ROOT_CLASS = YES_ERROR;
				CLANG_WARN_QUOTED_INCLUDE_IN_FRAMEWORK_HEADER = YES;
				CLANG_WARN_RANGE_LOOP_ANALYSIS = YES;
				CLANG_WARN_STRICT_PROTOTYPES = YES;
				CLANG_WARN_SUSPICIOUS_MOVE = YES;
				CLANG_WARN_UNGUARDED_AVAILABILITY = YES_AGGRESSIVE;
				CLANG_WARN_UNREACHABLE_CODE = YES;
				CLANG_WARN__DUPLICATE_METHOD_MATCH = YES;
				COPY_PHASE_STRIP = NO;
				DEBUG_INFORMATION_FORMAT = dwarf;
				ENABLE_STRICT_OBJC_MSGSEND = YES;
				ENABLE_TESTABILITY = YES;
				GCC_C_LANGUAGE_STANDARD = gnu11;
				GCC_DYNAMIC_NO_PIC = NO;
				GCC_NO_COMMON_BLOCKS = YES;
				GCC_OPTIMIZATION_LEVEL = 0;
				GCC_PREPROCESSOR_DEFINITIONS = (
					"DEBUG=1",
					"$(inherited)",
				);
				GCC_WARN_64_TO_32_BIT_CONVERSION = YES;
				GCC_WARN_ABOUT_RETURN_TYPE = YES_ERROR;
				GCC_WARN_UNDECLARED_SELECTOR = YES;
				GCC_WARN_UNINITIALIZED_AUTOS = YES_AGGRESSIVE;
				GCC_WARN_UNUSED_FUNCTION = YES;
				GCC_WARN_UNUSED_VARIABLE = YES;
				IPHONEOS_DEPLOYMENT_TARGET = 16.4;
				MTL_ENABLE_DEBUG_INFO = INCLUDE_SOURCE;
				MTL_FAST_MATH = YES;
				ONLY_ACTIVE_ARCH = YES;
				SDKROOT = iphoneos;
				SWIFT_ACTIVE_COMPILATION_CONDITIONS = DEBUG;
				SWIFT_OPTIMIZATION_LEVEL = "-Onone";
			};
			name = Debug;
		};
		7B51C5692A61008C0016B418 /* Release */ = {
			isa = XCBuildConfiguration;
			buildSettings = {
				ALWAYS_SEARCH_USER_PATHS = NO;
				CLANG_ANALYZER_NONNULL = YES;
				CLANG_ANALYZER_NUMBER_OBJECT_CONVERSION = YES_AGGRESSIVE;
				CLANG_CXX_LANGUAGE_STANDARD = "gnu++20";
				CLANG_ENABLE_MODULES = YES;
				CLANG_ENABLE_OBJC_ARC = YES;
				CLANG_ENABLE_OBJC_WEAK = YES;
				CLANG_WARN_BLOCK_CAPTURE_AUTORELEASING = YES;
				CLANG_WARN_BOOL_CONVERSION = YES;
				CLANG_WARN_COMMA = YES;
				CLANG_WARN_CONSTANT_CONVERSION = YES;
				CLANG_WARN_DEPRECATED_OBJC_IMPLEMENTATIONS = YES;
				CLANG_WARN_DIRECT_OBJC_ISA_USAGE = YES_ERROR;
				CLANG_WARN_DOCUMENTATION_COMMENTS = YES;
				CLANG_WARN_EMPTY_BODY = YES;
				CLANG_WARN_ENUM_CONVERSION = YES;
				CLANG_WARN_INFINITE_RECURSION = YES;
				CLANG_WARN_INT_CONVERSION = YES;
				CLANG_WARN_NON_LITERAL_NULL_CONVERSION = YES;
				CLANG_WARN_OBJC_IMPLICIT_RETAIN_SELF = YES;
				CLANG_WARN_OBJC_LITERAL_CONVERSION = YES;
				CLANG_WARN_OBJC_ROOT_CLASS = YES_ERROR;
				CLANG_WARN_QUOTED_INCLUDE_IN_FRAMEWORK_HEADER = YES;
				CLANG_WARN_RANGE_LOOP_ANALYSIS = YES;
				CLANG_WARN_STRICT_PROTOTYPES = YES;
				CLANG_WARN_SUSPICIOUS_MOVE = YES;
				CLANG_WARN_UNGUARDED_AVAILABILITY = YES_AGGRESSIVE;
				CLANG_WARN_UNREACHABLE_CODE = YES;
				CLANG_WARN__DUPLICATE_METHOD_MATCH = YES;
				COPY_PHASE_STRIP = NO;
				DEBUG_INFORMATION_FORMAT = "dwarf-with-dsym";
				ENABLE_NS_ASSERTIONS = NO;
				ENABLE_STRICT_OBJC_MSGSEND = YES;
				GCC_C_LANGUAGE_STANDARD = gnu11;
				GCC_NO_COMMON_BLOCKS = YES;
				GCC_WARN_64_TO_32_BIT_CONVERSION = YES;
				GCC_WARN_ABOUT_RETURN_TYPE = YES_ERROR;
				GCC_WARN_UNDECLARED_SELECTOR = YES;
				GCC_WARN_UNINITIALIZED_AUTOS = YES_AGGRESSIVE;
				GCC_WARN_UNUSED_FUNCTION = YES;
				GCC_WARN_UNUSED_VARIABLE = YES;
				IPHONEOS_DEPLOYMENT_TARGET = 16.4;
				MTL_ENABLE_DEBUG_INFO = NO;
				MTL_FAST_MATH = YES;
				SDKROOT = iphoneos;
				SWIFT_COMPILATION_MODE = wholemodule;
				SWIFT_OPTIMIZATION_LEVEL = "-O";
				VALIDATE_PRODUCT = YES;
			};
			name = Release;
		};
		7B51C56B2A61008C0016B418 /* Debug */ = {
			isa = XCBuildConfiguration;
			buildSettings = {
				ASSETCATALOG_COMPILER_APPICON_NAME = AppIcon;
				ASSETCATALOG_COMPILER_GLOBAL_ACCENT_COLOR_NAME = AccentColor;
				CODE_SIGN_STYLE = Automatic;
				CURRENT_PROJECT_VERSION = 1;
				DEVELOPMENT_TEAM = HZ8WU7PA4J;
				GENERATE_INFOPLIST_FILE = YES;
				INFOPLIST_FILE = "Flag-iOS/Info.plist";
				INFOPLIST_KEY_UIApplicationSupportsIndirectInputEvents = YES;
				INFOPLIST_KEY_UILaunchStoryboardName = LaunchScreen;
				INFOPLIST_KEY_UISupportedInterfaceOrientations = UIInterfaceOrientationPortrait;
				INFOPLIST_KEY_UISupportedInterfaceOrientations_iPad = "UIInterfaceOrientationLandscapeLeft UIInterfaceOrientationLandscapeRight UIInterfaceOrientationPortrait UIInterfaceOrientationPortraitUpsideDown";
				LD_RUNPATH_SEARCH_PATHS = (
					"$(inherited)",
					"@executable_path/Frameworks",
				);
				MARKETING_VERSION = 1.0;
				PRODUCT_BUNDLE_IDENTIFIER = "Flag.Flag-iOS";
				PRODUCT_NAME = "$(TARGET_NAME)";
				SUPPORTED_PLATFORMS = "iphoneos iphonesimulator";
				SUPPORTS_MACCATALYST = NO;
				SUPPORTS_MAC_DESIGNED_FOR_IPHONE_IPAD = NO;
				SWIFT_EMIT_LOC_STRINGS = YES;
				SWIFT_VERSION = 5.0;
				TARGETED_DEVICE_FAMILY = 1;
			};
			name = Debug;
		};
		7B51C56C2A61008C0016B418 /* Release */ = {
			isa = XCBuildConfiguration;
			buildSettings = {
				ASSETCATALOG_COMPILER_APPICON_NAME = AppIcon;
				ASSETCATALOG_COMPILER_GLOBAL_ACCENT_COLOR_NAME = AccentColor;
				CODE_SIGN_STYLE = Automatic;
				CURRENT_PROJECT_VERSION = 1;
				DEVELOPMENT_TEAM = HZ8WU7PA4J;
				GENERATE_INFOPLIST_FILE = YES;
				INFOPLIST_FILE = "Flag-iOS/Info.plist";
				INFOPLIST_KEY_UIApplicationSupportsIndirectInputEvents = YES;
				INFOPLIST_KEY_UILaunchStoryboardName = LaunchScreen;
				INFOPLIST_KEY_UISupportedInterfaceOrientations = UIInterfaceOrientationPortrait;
				INFOPLIST_KEY_UISupportedInterfaceOrientations_iPad = "UIInterfaceOrientationLandscapeLeft UIInterfaceOrientationLandscapeRight UIInterfaceOrientationPortrait UIInterfaceOrientationPortraitUpsideDown";
				LD_RUNPATH_SEARCH_PATHS = (
					"$(inherited)",
					"@executable_path/Frameworks",
				);
				MARKETING_VERSION = 1.0;
				PRODUCT_BUNDLE_IDENTIFIER = "Flag.Flag-iOS";
				PRODUCT_NAME = "$(TARGET_NAME)";
				SUPPORTED_PLATFORMS = "iphoneos iphonesimulator";
				SUPPORTS_MACCATALYST = NO;
				SUPPORTS_MAC_DESIGNED_FOR_IPHONE_IPAD = NO;
				SWIFT_EMIT_LOC_STRINGS = YES;
				SWIFT_VERSION = 5.0;
				TARGETED_DEVICE_FAMILY = 1;
			};
			name = Release;
		};
/* End XCBuildConfiguration section */

/* Begin XCConfigurationList section */
		7B51C5512A61008A0016B418 /* Build configuration list for PBXProject "Flag-iOS" */ = {
			isa = XCConfigurationList;
			buildConfigurations = (
				7B51C5682A61008C0016B418 /* Debug */,
				7B51C5692A61008C0016B418 /* Release */,
			);
			defaultConfigurationIsVisible = 0;
			defaultConfigurationName = Release;
		};
		7B51C56A2A61008C0016B418 /* Build configuration list for PBXNativeTarget "Flag-iOS" */ = {
			isa = XCConfigurationList;
			buildConfigurations = (
				7B51C56B2A61008C0016B418 /* Debug */,
				7B51C56C2A61008C0016B418 /* Release */,
			);
			defaultConfigurationIsVisible = 0;
			defaultConfigurationName = Release;
		};
/* End XCConfigurationList section */

/* Begin XCRemoteSwiftPackageReference section */
		7B51C5862A61258B0016B418 /* XCRemoteSwiftPackageReference "SnapKit" */ = {
			isa = XCRemoteSwiftPackageReference;
			repositoryURL = "https://github.com/SnapKit/SnapKit.git";
			requirement = {
				kind = upToNextMajorVersion;
				minimumVersion = 5.0.0;
			};
		};
		7B51C5892A61261A0016B418 /* XCRemoteSwiftPackageReference "Moya" */ = {
			isa = XCRemoteSwiftPackageReference;
			repositoryURL = "https://github.com/Moya/Moya.git";
			requirement = {
				kind = upToNextMajorVersion;
				minimumVersion = 15.0.0;
			};
		};
/* End XCRemoteSwiftPackageReference section */

/* Begin XCSwiftPackageProductDependency section */
		7B51C5872A61258B0016B418 /* SnapKit */ = {
			isa = XCSwiftPackageProductDependency;
			package = 7B51C5862A61258B0016B418 /* XCRemoteSwiftPackageReference "SnapKit" */;
			productName = SnapKit;
		};
		7B51C58A2A61261A0016B418 /* Moya */ = {
			isa = XCSwiftPackageProductDependency;
			package = 7B51C5892A61261A0016B418 /* XCRemoteSwiftPackageReference "Moya" */;
			productName = Moya;
		};
/* End XCSwiftPackageProductDependency section */
	};
	rootObject = 7B51C54E2A61008A0016B418 /* Project object */;
}
